{
  "requires": true,
  "lockfileVersion": 1,
  "dependencies": {
    "@kolkov/ngx-gallery": {
      "version": "1.2.3",
      "resolved": "https://registry.npmjs.org/@kolkov/ngx-gallery/-/ngx-gallery-1.2.3.tgz",
      "integrity": "sha512-Dpnhwq3DGPSXrNt65gexo+/Smb2L0bne14A0WONN04+racETtcY33fqFvNWfRw5Nvk2Eza+sq95eEA0NbgF/6g=="
    },
    "tslib": {
      "version": "2.0.3",
      "resolved": "https://registry.npmjs.org/tslib/-/tslib-2.0.3.tgz",
      "integrity": "sha512-uZtkfKblCEQtZKBF6EBXVZeQNl82yqtDQdv+eck8u7tdPxjLu2/lp5/uPW+um2tpuxINHWy3GhiccY7QgEaVHQ=="
    }
  }
}
